{
  "version": "v1",
  "packages": {
    "@deneb-viz/template-usermeta": {
      "signature": "c6ab4a25d501842385034bd3d7154f97",
      "file": true,
      "replaced": "link:.yalc/@deneb-viz/template-usermeta"
    },
    "@deneb-viz/common-types": {
      "signature": "8506193d6a86d1e0cc68d6402f6344ad",
      "file": true
    },
    "@deneb-viz/json": {
      "signature": "d7c5a35e20cb124ca8f5c337222fac23",
      "file": true
    },
    "@deneb-viz/core-dependencies": {
      "signature": "094d4b5cef6a0868ab6a7c29d2490f2b",
      "file": true
    },
    "@deneb-viz/json-processing": {
      "signature": "70fef802b7cf652712c41e9a4c48111b",
      "file": true,
      "replaced": "link:.yalc/@deneb-viz/json-processing"
    },
    "@deneb-viz/template": {
      "signature": "a933f9cc903c7c66696cc35a8d98c1a0",
      "file": true
    },
    "@deneb-viz/template-usermeta-schema": {
      "signature": "ef2d76ed828901df104ce93414dce215",
      "file": true
    },
    "@deneb-viz/integration-powerbi": {
      "signature": "979e40e2ffae5e83fa2f496eb8386cf1",
      "link": true
    }
  }
}