{
  "version": "v1",
  "packages": {
    "@deneb-viz/template-usermeta": {
      "signature": "c6ab4a25d501842385034bd3d7154f97",
      "file": true,
      "replaced": "link:.yalc/@deneb-viz/template-usermeta"
    },
    "@deneb-viz/common-types": {
      "signature": "8506193d6a86d1e0cc68d6402f6344ad",
      "file": true
    },
    "@deneb-viz/json": {
      "signature": "d7c5a35e20cb124ca8f5c337222fac23",
      "file": true
    },
    "@deneb-viz/core-dependencies": {
      "signature": "59bbb64cd8f165c176f4ae50f6f804da",
      "file": true
    },
    "@deneb-viz/json-processing": {
      "signature": "c409ed0a7a78800e7dc46c000578541b",
      "file": true,
      "replaced": "link:.yalc/@deneb-viz/json-processing"
    },
    "@deneb-viz/template": {
      "signature": "a933f9cc903c7c66696cc35a8d98c1a0",
      "file": true
    },
    "@deneb-viz/template-usermeta-schema": {
      "signature": "7687e574adcbe7e18fe03bf290ebf1eb",
      "file": true
    },
    "@deneb-viz/integration-powerbi": {
      "signature": "d7394dea249b5b5b725975ac246060be",
      "link": true
    }
  }
}